
Microsoft Visual Studio Solution File, Format Version 12.00
# Visual Studio Version 16
VisualStudioVersion = 16.0.31005.135
MinimumVisualStudioVersion = 10.0.40219.1
Project("{9A19103F-16F7-4668-BE54-9A1E7A4F7556}") = "Crank.Mapper", "Crank.Mapper\Crank.Mapper.csproj", "{F743B9BF-9E65-4690-AF23-1760E720B2BA}"
EndProject
Project("{9A19103F-16F7-4668-BE54-9A1E7A4F7556}") = "Crank.Mapper.Tests", "Crank.Mapper.Tests\Crank.Mapper.Tests.csproj", "{5B033E50-F253-44CC-9F33-34941E398A00}"
EndProject
Project("{2150E333-8FDC-42A3-9474-1A3956D46DE8}") = "Initialisation", "Initialisation", "{A9AD3397-0943-4290-9532-4922F2895B22}"
EndProject
Project("{2150E333-8FDC-42A3-9474-1A3956D46DE8}") = "Solution Items", "Solution Items", "{949E1587-D23B-4044-8039-CC6ABC484F59}"
	ProjectSection(SolutionItems) = preProject
		README.md = README.md
	EndProjectSection
EndProject
Project("{9A19103F-16F7-4668-BE54-9A1E7A4F7556}") = "Crank.Mapper.Microsoft.DependencyInjection", "Crank.Mapper.Microsoft.DependencyInjection\Crank.Mapper.Microsoft.DependencyInjection.csproj", "{3D85C188-0A97-4565-ADDE-C57A7FEB4D10}"
EndProject
Project("{9A19103F-16F7-4668-BE54-9A1E7A4F7556}") = "Crank.Mapper.Microsoft.DependingInjection.Tests", "Crank.Mapper.Microsoft.DependingInjection.Tests\Crank.Mapper.Microsoft.DependingInjection.Tests.csproj", "{B6936AF8-7248-4168-83D0-75C8A2DD1A07}"
EndProject
Project("{9A19103F-16F7-4668-BE54-9A1E7A4F7556}") = "Crank.Initialise", "Crank.Initialise\Crank.Initialise.csproj", "{517A211C-A138-40F1-A847-7CCD5FCD5737}"
EndProject
Global
	GlobalSection(SolutionConfigurationPlatforms) = preSolution
		Debug|Any CPU = Debug|Any CPU
		Release|Any CPU = Release|Any CPU
	EndGlobalSection
	GlobalSection(ProjectConfigurationPlatforms) = postSolution
		{F743B9BF-9E65-4690-AF23-1760E720B2BA}.Debug|Any CPU.ActiveCfg = Debug|Any CPU
		{F743B9BF-9E65-4690-AF23-1760E720B2BA}.Debug|Any CPU.Build.0 = Debug|Any CPU
		{F743B9BF-9E65-4690-AF23-1760E720B2BA}.Release|Any CPU.ActiveCfg = Release|Any CPU
		{F743B9BF-9E65-4690-AF23-1760E720B2BA}.Release|Any CPU.Build.0 = Release|Any CPU
		{5B033E50-F253-44CC-9F33-34941E398A00}.Debug|Any CPU.ActiveCfg = Debug|Any CPU
		{5B033E50-F253-44CC-9F33-34941E398A00}.Debug|Any CPU.Build.0 = Debug|Any CPU
		{5B033E50-F253-44CC-9F33-34941E398A00}.Release|Any CPU.ActiveCfg = Release|Any CPU
		{5B033E50-F253-44CC-9F33-34941E398A00}.Release|Any CPU.Build.0 = Release|Any CPU
		{3D85C188-0A97-4565-ADDE-C57A7FEB4D10}.Debug|Any CPU.ActiveCfg = Debug|Any CPU
		{3D85C188-0A97-4565-ADDE-C57A7FEB4D10}.Debug|Any CPU.Build.0 = Debug|Any CPU
		{3D85C188-0A97-4565-ADDE-C57A7FEB4D10}.Release|Any CPU.ActiveCfg = Release|Any CPU
		{3D85C188-0A97-4565-ADDE-C57A7FEB4D10}.Release|Any CPU.Build.0 = Release|Any CPU
		{B6936AF8-7248-4168-83D0-75C8A2DD1A07}.Debug|Any CPU.ActiveCfg = Debug|Any CPU
		{B6936AF8-7248-4168-83D0-75C8A2DD1A07}.Debug|Any CPU.Build.0 = Debug|Any CPU
		{B6936AF8-7248-4168-83D0-75C8A2DD1A07}.Release|Any CPU.ActiveCfg = Release|Any CPU
		{B6936AF8-7248-4168-83D0-75C8A2DD1A07}.Release|Any CPU.Build.0 = Release|Any CPU
		{517A211C-A138-40F1-A847-7CCD5FCD5737}.Debug|Any CPU.ActiveCfg = Debug|Any CPU
		{517A211C-A138-40F1-A847-7CCD5FCD5737}.Debug|Any CPU.Build.0 = Debug|Any CPU
		{517A211C-A138-40F1-A847-7CCD5FCD5737}.Release|Any CPU.ActiveCfg = Release|Any CPU
		{517A211C-A138-40F1-A847-7CCD5FCD5737}.Release|Any CPU.Build.0 = Release|Any CPU
	EndGlobalSection
	GlobalSection(SolutionProperties) = preSolution
		HideSolutionNode = FALSE
	EndGlobalSection
	GlobalSection(ExtensibilityGlobals) = postSolution
		SolutionGuid = {ADCDF92D-EEFD-46CE-BC9C-C86C0D4C4E9E}
	EndGlobalSection
EndGlobal
